
Microsoft Visual Studio Solution File, Format Version 12.00
# Visual Studio Version 17
VisualStudioVersion = 17.7.34031.279
MinimumVisualStudioVersion = 10.0.40219.1
Project("{FAE04EC0-301F-11D3-BF4B-00C04F79EFBC}") = "CNPM", "CNPM\CNPM.csproj", "{6E910D14-2F9E-4855-9298-420F267E0B88}"
EndProject
Global
	GlobalSection(SolutionConfigurationPlatforms) = preSolution
		Debug|Any CPU = Debug|Any CPU
		Release|Any CPU = Release|Any CPU
	EndGlobalSection
	GlobalSection(ProjectConfigurationPlatforms) = postSolution
		{6E910D14-2F9E-4855-9298-420F267E0B88}.Debug|Any CPU.ActiveCfg = Debug|Any CPU
		{6E910D14-2F9E-4855-9298-420F267E0B88}.Debug|Any CPU.Build.0 = Debug|Any CPU
		{6E910D14-2F9E-4855-9298-420F267E0B88}.Release|Any CPU.ActiveCfg = Release|Any CPU
		{6E910D14-2F9E-4855-9298-420F267E0B88}.Release|Any CPU.Build.0 = Release|Any CPU
	EndGlobalSection
	GlobalSection(SolutionProperties) = preSolution
		HideSolutionNode = FALSE
	EndGlobalSection
	GlobalSection(ExtensibilityGlobals) = postSolution
		SolutionGuid = {EEB434BF-D924-4736-85EB-E1C5B77A6F1F}
	EndGlobalSection
EndGlobal
